
Microsoft Visual Studio Solution File, Format Version 12.00
# Visual Studio Version 17
VisualStudioVersion = 17.4.33110.190
MinimumVisualStudioVersion = 10.0.40219.1
Project("{FAE04EC0-301F-11D3-BF4B-00C04F79EFBC}") = "Task 2", "Task 2\Task 2.csproj", "{16317671-B420-4CFA-961B-37D1AB9F6B31}"
EndProject
Project("{FAE04EC0-301F-11D3-BF4B-00C04F79EFBC}") = "Task 6", "Task 6\Task 6.csproj", "{7CD60666-BFD9-4F55-85E0-BE27F69E1529}"
EndProject
Global
	GlobalSection(SolutionConfigurationPlatforms) = preSolution
		Debug|Any CPU = Debug|Any CPU
		Release|Any CPU = Release|Any CPU
	EndGlobalSection
	GlobalSection(ProjectConfigurationPlatforms) = postSolution
		{16317671-B420-4CFA-961B-37D1AB9F6B31}.Debug|Any CPU.ActiveCfg = Debug|Any CPU
		{16317671-B420-4CFA-961B-37D1AB9F6B31}.Debug|Any CPU.Build.0 = Debug|Any CPU
		{16317671-B420-4CFA-961B-37D1AB9F6B31}.Release|Any CPU.ActiveCfg = Release|Any CPU
		{16317671-B420-4CFA-961B-37D1AB9F6B31}.Release|Any CPU.Build.0 = Release|Any CPU
		{7CD60666-BFD9-4F55-85E0-BE27F69E1529}.Debug|Any CPU.ActiveCfg = Debug|Any CPU
		{7CD60666-BFD9-4F55-85E0-BE27F69E1529}.Debug|Any CPU.Build.0 = Debug|Any CPU
		{7CD60666-BFD9-4F55-85E0-BE27F69E1529}.Release|Any CPU.ActiveCfg = Release|Any CPU
		{7CD60666-BFD9-4F55-85E0-BE27F69E1529}.Release|Any CPU.Build.0 = Release|Any CPU
	EndGlobalSection
	GlobalSection(SolutionProperties) = preSolution
		HideSolutionNode = FALSE
	EndGlobalSection
	GlobalSection(ExtensibilityGlobals) = postSolution
		SolutionGuid = {F67E92AE-73F9-4AA5-BBD2-FB468C05D88F}
		EnterpriseLibraryConfigurationToolBinariesPathV6 = packages\EnterpriseLibrary.Common.6.0.1304.0\lib\NET45;packages\EnterpriseLibrary.Data.6.0.1304.0\lib\NET45
	EndGlobalSection
EndGlobal
